
Microsoft Visual Studio Solution File, Format Version 12.00
# Visual Studio Version 16
VisualStudioVersion = 25.0.1704.0
MinimumVisualStudioVersion = 10.0.40219.1
Project("{FAE04EC0-301F-11D3-BF4B-00C04F79EFBC}") = "demoC1", "demoC1\demoC1.csproj", "{33864B9F-46D3-4CBC-AFD1-E964F7B683A4}"
EndProject
Global
	GlobalSection(SolutionConfigurationPlatforms) = preSolution
		Debug|Any CPU = Debug|Any CPU
		Release|Any CPU = Release|Any CPU
	EndGlobalSection
	GlobalSection(ProjectConfigurationPlatforms) = postSolution
		{33864B9F-46D3-4CBC-AFD1-E964F7B683A4}.Debug|Any CPU.ActiveCfg = Debug|Any CPU
		{33864B9F-46D3-4CBC-AFD1-E964F7B683A4}.Debug|Any CPU.Build.0 = Debug|Any CPU
		{33864B9F-46D3-4CBC-AFD1-E964F7B683A4}.Release|Any CPU.ActiveCfg = Release|Any CPU
		{33864B9F-46D3-4CBC-AFD1-E964F7B683A4}.Release|Any CPU.Build.0 = Release|Any CPU
	EndGlobalSection
	GlobalSection(SolutionProperties) = preSolution
		HideSolutionNode = FALSE
	EndGlobalSection
	GlobalSection(ExtensibilityGlobals) = postSolution
		SolutionGuid = {D5D8D899-CC76-4672-B471-E2BB9AEB3057}
	EndGlobalSection
EndGlobal
